<?xml version="1.0" encoding="utf-8"?>
<Project ToolsVersion="4.0" xmlns="http://schemas.microsoft.com/developer/msbuild/2003">
  <ItemGroup>
    <ClCompile Include="Root.cpp" />
    <ClCompile Include="ExamSchedule.cpp" />
    <ClCompile Include="permissions.cpp" />
    <ClCompile Include="CourseList.cpp" />
    <ClCompile Include="classroomlist.cpp" />
    <ClCompile Include="Queries_User.cpp" />
    <ClCompile Include="Queries_Admin.cpp" />
  </ItemGroup>
  <ItemGroup>
    <ClInclude Include="AddCourseForm.h" />
    <ClInclude Include="AddGradeForm.h" />
    <ClInclude Include="AdminHome.h" />
    <ClInclude Include="CourseForm.h" />
    <ClInclude Include="Course_EnrollPage.h" />
    <ClInclude Include="DatabaseHelper.h" />
    <ClInclude Include="FacultyHome.h" />
    <ClInclude Include="Fee_Payment_Dummy.h" />
    <ClInclude Include="Global_Page.h" />
    <ClInclude Include="Grade.h" />
    <ClInclude Include="Login_Register.h" />
    <ClInclude Include="MiscellaneousFunctions.h" />
    <ClInclude Include="MyForm.h" />
    <ClInclude Include="ProfileForm.h" />
    <ClInclude Include="Register.h" />
    <ClInclude Include="Registered Courses.h" />
    <ClInclude Include="Root.h" />
    <ClInclude Include="Signup.h" />
    <ClInclude Include="StudentHome.h" />
    <ClInclude Include="Student_Profile.h" />
    <ClInclude Include="Test.h" />
    <ClInclude Include="TimeTableView.h" />
    <ClInclude Include="User.h" />
    <ClInclude Include="Welcome_Pic.h" />
    <ClInclude Include="ExamSchedule.h" />
    <ClInclude Include="permissions.h" />
    <ClInclude Include="CourseList.h" />
    <ClInclude Include="classroomlist.h" />
    <ClInclude Include="SeatingHelper.h" />
    <ClInclude Include="Queries_User.h" />
    <ClInclude Include="Queries_Admin.h" />
    <ClInclude Include="resource.h" />
  </ItemGroup>
  <ItemGroup>
    <EmbeddedResource Include="AddCourseForm.resx" />
    <EmbeddedResource Include="AdminHome.resx" />
    <EmbeddedResource Include="CourseForm.resx" />
    <EmbeddedResource Include="Course_EnrollPage.resx" />
    <EmbeddedResource Include="FacultyHome.resx" />
    <EmbeddedResource Include="Fee_Payment_Dummy.resx" />
    <EmbeddedResource Include="Global_Page.resx" />
    <EmbeddedResource Include="Grade.resx" />
    <EmbeddedResource Include="Login_Register.resx" />
    <EmbeddedResource Include="ProfileForm.resx" />
    <EmbeddedResource Include="MyForm.resx" />
    <EmbeddedResource Include="Register.resx" />
    <EmbeddedResource Include="Registered Courses.resx" />
    <EmbeddedResource Include="Signup.resx" />
    <EmbeddedResource Include="StudentHome.resx" />
    <EmbeddedResource Include="Student_Profile.resx" />
    <EmbeddedResource Include="Welcome_Pic.resx" />
    <EmbeddedResource Include="ExamSchedule.resx" />
    <EmbeddedResource Include="permissions.resx" />
    <EmbeddedResource Include="CourseList.resx" />
    <EmbeddedResource Include="TimeTableView.resx" />
    <EmbeddedResource Include="classroomlist.resx" />
    <EmbeddedResource Include="Queries_Admin.resx" />
    <EmbeddedResource Include="Queries_User.resx" />
  </ItemGroup>
  <ItemGroup>
    <ResourceCompile Include="CS346_A2.rc" />
  </ItemGroup>
  <ItemGroup>
    <Image Include="icon1.ico" />
    <Image Include="..\..\..\..\..\Downloads\icon.ico" />
    <Image Include="..\MediaFiles\icon.ico" />
  </ItemGroup>
</Project>